
Microsoft Visual Studio Solution File, Format Version 12.00
# Visual Studio Version 17
VisualStudioVersion = 17.0.31903.59
MinimumVisualStudioVersion = 10.0.40219.1
Project("{FAE04EC0-301F-11D3-BF4B-00C04F79EFBC}") = "InsertUsingJSONSample", "InsertUsingJSONSample\InsertUsingJSONSample.csproj", "{9CD9D6DB-7E3D-4790-97F7-77D5F1F1C320}"
EndProject
Global
	GlobalSection(SolutionConfigurationPlatforms) = preSolution
		Debug|Any CPU = Debug|Any CPU
		Release|Any CPU = Release|Any CPU
	EndGlobalSection
	GlobalSection(ProjectConfigurationPlatforms) = postSolution
		{9CD9D6DB-7E3D-4790-97F7-77D5F1F1C320}.Debug|Any CPU.ActiveCfg = Debug|Any CPU
		{9CD9D6DB-7E3D-4790-97F7-77D5F1F1C320}.Debug|Any CPU.Build.0 = Debug|Any CPU
		{9CD9D6DB-7E3D-4790-97F7-77D5F1F1C320}.Release|Any CPU.ActiveCfg = Release|Any CPU
		{9CD9D6DB-7E3D-4790-97F7-77D5F1F1C320}.Release|Any CPU.Build.0 = Release|Any CPU
	EndGlobalSection
	GlobalSection(SolutionProperties) = preSolution
		HideSolutionNode = FALSE
	EndGlobalSection
	GlobalSection(ExtensibilityGlobals) = postSolution
		SolutionGuid = {7EE96FC9-5C53-4A90-A261-8D0F0BE8127F}
	EndGlobalSection
EndGlobal
